PODS:
  - Alamofire (4.8.2)
  - BEMCheckBox (1.4.1)
  - Bohr (3.0.0)
  - CFAlertViewController (3.1)
  - DOFavoriteButton (0.0.4)
  - DynamicButton (6.1.0)
  - DynamicColor (3.2.1)
  - DZNEmptyDataSet (1.8.1)
  - GDLoadingIndicator (1.0.0)
  - Hero (1.4.0)
  - LNPopupController (2.7.1)
  - LUNTabBarController (1.0.4)
  - pop (1.0.12)
  - TOScrollBar (0.0.5)
  - Whisper (6.0.2)
  - YYText (1.0.7)

DEPENDENCIES:
  - Alamofire
  - BEMCheckBox
  - Bohr
  - CFAlertViewController
  - DOFavoriteButton
  - DynamicButton
  - DynamicColor (~> 3.2.1)
  - DZNEmptyDataSet
  - GDLoadingIndicator (~> 1.0.0)
  - Hero
  - LNPopupController
  - LUNTabBarController
  - pop
  - TOScrollBar
  - Whisper
  - YYText

SPEC REPOS:
  https://github.com/cocoapods/specs.git:
    - Alamofire
    - BEMCheckBox
    - Bohr
    - CFAlertViewController
    - DOFavoriteButton
    - DynamicButton
    - DynamicColor
    - DZNEmptyDataSet
    - GDLoadingIndicator
    - Hero
    - LNPopupController
    - LUNTabBarController
    - pop
    - TOScrollBar
    - Whisper
    - YYText

SPEC CHECKSUMS:
  Alamofire: ae5c501addb7afdbb13687d7f2f722c78734c2d3
  BEMCheckBox: 5ba6e37ade3d3657b36caecc35c8b75c6c2b1a4e
  Bohr: 17b150766e54e1fb8ff417d85b830c7caafa8b4a
  CFAlertViewController: a27cf0512d0fa9ef6a3b966862039c295fb0ef69
  DOFavoriteButton: 866e15af173d2dd5233971a1f657a5f31d2491d5
  DynamicButton: 5a3ae2bf26dc196fb6c85b3e1aac956add860718
  DynamicColor: 4786d650c69da6c3f2cbfe068348288ec4e5521f
  DZNEmptyDataSet: 9525833b9e68ac21c30253e1d3d7076cc828eaa7
  GDLoadingIndicator: 78753d554a92203d648f567c7660e3b637ca083f
  Hero: bac92350d7201a1a940003e0767c7b52ce7c99a1
  LNPopupController: 62358836cc6bfebb75880198a6b249b3bdd59367
  LUNTabBarController: 3541182410ff5218d3c854929bdf4234259f0e78
  pop: d582054913807fd11fd50bfe6a539d91c7e1a55a
  TOScrollBar: 88c230c2a7b919c8200c3d19afa1ffa367f463ce
  Whisper: 169760fc4bab0abf24d5529f9276f95c25cf1025
  YYText: 5c461d709e24d55a182d1441c41dc639a18a4849

PODFILE CHECKSUM: b8574721b347d31ebd6ab6a6cec5013a9744d077

COCOAPODS: 1.6.1
