// !$*UTF8*$!
{
	archiveVersion = 1;
	classes = {
	};
	objectVersion = 46;
	objects = {

/* Begin PBXBuildFile section */
		2D0D8E511D447B9D00747E4B /* SQSettingsController.swift in Sources */ = {isa = PBXBuildFile; fileRef = 2D0D8E501D447B9D00747E4B /* SQSettingsController.swift */; };
		2D0D8E531D447F2200747E4B /* SQSettingsViewController.swift in Sources */ = {isa = PBXBuildFile; fileRef = 2D0D8E521D447F2200747E4B /* SQSettingsViewController.swift */; };
		2D0D8E591D4489C700747E4B /* SQRegularHeaderView.swift in Sources */ = {isa = PBXBuildFile; fileRef = 2D0D8E581D4489C700747E4B /* SQRegularHeaderView.swift */; };
		2D0D8E5B1D4489E100747E4B /* SQRegularHeaderView.xib in Resources */ = {isa = PBXBuildFile; fileRef = 2D0D8E5A1D4489E100747E4B /* SQRegularHeaderView.xib */; };
		2D159D011CEBBBDB00D088BA /* SQAppDelegate.swift in Sources */ = {isa = PBXBuildFile; fileRef = 2D159D001CEBBBDB00D088BA /* SQAppDelegate.swift */; };
		2D159D061CEBBBDB00D088BA /* Main.storyboard in Resources */ = {isa = PBXBuildFile; fileRef = 2D159D041CEBBBDB00D088BA /* Main.storyboard */; };
		2D159D091CEBBBDB00D088BA /* Quran_App.xcdatamodeld in Sources */ = {isa = PBXBuildFile; fileRef = 2D159D071CEBBBDB00D088BA /* Quran_App.xcdatamodeld */; };
		2D159D0B1CEBBBDB00D088BA /* Assets.xcassets in Resources */ = {isa = PBXBuildFile; fileRef = 2D159D0A1CEBBBDB00D088BA /* Assets.xcassets */; };
		2D159D0E1CEBBBDB00D088BA /* LaunchScreen.storyboard in Resources */ = {isa = PBXBuildFile; fileRef = 2D159D0C1CEBBBDB00D088BA /* LaunchScreen.storyboard */; };
		2D19F2BB1CF29F60003E616D /* SQChartsViewController.swift in Sources */ = {isa = PBXBuildFile; fileRef = 2D19F2BA1CF29F60003E616D /* SQChartsViewController.swift */; };
		2D21C7291E3918C200B17BFF /* SwiftyTimer.swift in Sources */ = {isa = PBXBuildFile; fileRef = 2D21C7281E3918C200B17BFF /* SwiftyTimer.swift */; };
		2D2215571E39B8790081B506 /* SQChartDetailsViewController.swift in Sources */ = {isa = PBXBuildFile; fileRef = 2D2215561E39B8790081B506 /* SQChartDetailsViewController.swift */; };
		2D2215591E39BC2E0081B506 /* SQChartyFRTableViewCells.swift in Sources */ = {isa = PBXBuildFile; fileRef = 2D2215581E39BC2E0081B506 /* SQChartyFRTableViewCells.swift */; };
		2D32FC1C1D2329C3003037A3 /* SQSurahsViewController.swift in Sources */ = {isa = PBXBuildFile; fileRef = 2D32FC1B1D2329C3003037A3 /* SQSurahsViewController.swift */; };
		2D32FC1E1D232D6E003037A3 /* SQSurahCollectionViewCell.swift in Sources */ = {isa = PBXBuildFile; fileRef = 2D32FC1D1D232D6E003037A3 /* SQSurahCollectionViewCell.swift */; };
		2D3D48371CFCAB6500D12A7D /* MediaPlayer.framework in Frameworks */ = {isa = PBXBuildFile; fileRef = 2D3D48361CFCAB6500D12A7D /* MediaPlayer.framework */; };
		2D3D483B1CFCB41A00D12A7D /* SQFavoriteRange.swift in Sources */ = {isa = PBXBuildFile; fileRef = 2D3D48391CFCB41A00D12A7D /* SQFavoriteRange.swift */; };
		2D49F7F11CEC9410008827C0 /* SQArrayTransformer.swift in Sources */ = {isa = PBXBuildFile; fileRef = 2D49F7F01CEC9410008827C0 /* SQArrayTransformer.swift */; };
		2D49F7F41CECE80E008827C0 /* Palette.swift in Sources */ = {isa = PBXBuildFile; fileRef = 2D49F7F31CECE80E008827C0 /* Palette.swift */; };
		2D4CAF261CED981E00D1066A /* me_quran.ttf in Resources */ = {isa = PBXBuildFile; fileRef = 2D4CAF251CED981900D1066A /* me_quran.ttf */; };
		2D581CA61D29AE51001D7B91 /* SQSurahPickerViewController.swift in Sources */ = {isa = PBXBuildFile; fileRef = 2D581CA51D29AE51001D7B91 /* SQSurahPickerViewController.swift */; };
		2D581CA91D29AE64001D7B91 /* SQAyahPickerViewController.swift in Sources */ = {isa = PBXBuildFile; fileRef = 2D581CA81D29AE64001D7B91 /* SQAyahPickerViewController.swift */; };
		2D58624F1CEDB7AC00156A18 /* Extensions.swift in Sources */ = {isa = PBXBuildFile; fileRef = 2D58624E1CEDB7AC00156A18 /* Extensions.swift */; };
		2D6194951D2FC8BB0080BFA8 /* SQSurahTableViewCell.swift in Sources */ = {isa = PBXBuildFile; fileRef = 2D6194941D2FC8BB0080BFA8 /* SQSurahTableViewCell.swift */; };
		2D6194971D2FC9C20080BFA8 /* SQPickerViewController.swift in Sources */ = {isa = PBXBuildFile; fileRef = 2D6194961D2FC9C20080BFA8 /* SQPickerViewController.swift */; };
		2D6918A11E3392B700F46996 /* SQMiniPlayerViewController.swift in Sources */ = {isa = PBXBuildFile; fileRef = 2D6918A01E3392B700F46996 /* SQMiniPlayerViewController.swift */; };
		2D6EA6421E3F9836004A9339 /* TwinkleImage.png in Resources */ = {isa = PBXBuildFile; fileRef = 2D6EA6401E3F9836004A9339 /* TwinkleImage.png */; };
		2D6EA6431E3F9836004A9339 /* Twinkle.swift in Sources */ = {isa = PBXBuildFile; fileRef = 2D6EA6411E3F9836004A9339 /* Twinkle.swift */; };
		2D7884681E3B940300837F3B /* SlideInPresentationController.swift in Sources */ = {isa = PBXBuildFile; fileRef = 2D7884661E3B940300837F3B /* SlideInPresentationController.swift */; };
		2D7884691E3B940300837F3B /* SlideInPresentationManager.swift in Sources */ = {isa = PBXBuildFile; fileRef = 2D7884671E3B940300837F3B /* SlideInPresentationManager.swift */; };
		2D79FBC61CF2144500DD93B7 /* Constants.swift in Sources */ = {isa = PBXBuildFile; fileRef = 2D79FBC51CF2144500DD93B7 /* Constants.swift */; };
		2D81BCD81E3757F100FB1587 /* SQLinearProgressView.swift in Sources */ = {isa = PBXBuildFile; fileRef = 2D81BCD71E3757F100FB1587 /* SQLinearProgressView.swift */; };
		2D8254D01E3B11FA00C23743 /* SQStoreViewController.swift in Sources */ = {isa = PBXBuildFile; fileRef = 2D8254CF1E3B11FA00C23743 /* SQStoreViewController.swift */; };
		2D87C1DF1E4206C900C19393 /* SQDeleteButton.swift in Sources */ = {isa = PBXBuildFile; fileRef = 2D87C1DE1E4206C900C19393 /* SQDeleteButton.swift */; };
		2D8B89D11D3ED42000F1286F /* UPCarouselFlowLayout.swift in Sources */ = {isa = PBXBuildFile; fileRef = 2D8B89D01D3ED42000F1286F /* UPCarouselFlowLayout.swift */; };
		2D8C52411D3DAA8900102A82 /* SQMoreOptionTableViewCell.swift in Sources */ = {isa = PBXBuildFile; fileRef = 2D8C52401D3DAA8900102A82 /* SQMoreOptionTableViewCell.swift */; };
		2D9BE21F1CEC0750004B97F1 /* XMLDictionary.m in Sources */ = {isa = PBXBuildFile; fileRef = 2D9BE21E1CEC0750004B97F1 /* XMLDictionary.m */; };
		2D9BE2211CEC07EB004B97F1 /* quran-uthmani.xml in Resources */ = {isa = PBXBuildFile; fileRef = 2D9BE2201CEC07EB004B97F1 /* quran-uthmani.xml */; };
		2D9BE2231CEC33B1004B97F1 /* SQQuranStateManager.swift in Sources */ = {isa = PBXBuildFile; fileRef = 2D9BE2221CEC33B1004B97F1 /* SQQuranStateManager.swift */; };
		2D9BE22A1CEC3820004B97F1 /* SQSurah.swift in Sources */ = {isa = PBXBuildFile; fileRef = 2D9BE2291CEC3820004B97F1 /* SQSurah.swift */; };
		2D9BE22C1CEC3828004B97F1 /* SQAyah.swift in Sources */ = {isa = PBXBuildFile; fileRef = 2D9BE22B1CEC3828004B97F1 /* SQAyah.swift */; };
		2D9BE22E1CEC3849004B97F1 /* SQSurahInfo.swift in Sources */ = {isa = PBXBuildFile; fileRef = 2D9BE22D1CEC3849004B97F1 /* SQSurahInfo.swift */; };
		2D9BE2301CEC3EEB004B97F1 /* SQAyatViewController.swift in Sources */ = {isa = PBXBuildFile; fileRef = 2D9BE22F1CEC3EEB004B97F1 /* SQAyatViewController.swift */; };
		2D9BE2331CEC40B3004B97F1 /* SQAyaRepTableViewCell.swift in Sources */ = {isa = PBXBuildFile; fileRef = 2D9BE2321CEC40B3004B97F1 /* SQAyaRepTableViewCell.swift */; };
		2DA652981CF3316800EEB4D5 /* SQSoundManager.swift in Sources */ = {isa = PBXBuildFile; fileRef = 2DA652971CF3316800EEB4D5 /* SQSoundManager.swift */; };
		2DA7DB891D3667A900C280DD /* SQTabBarController.swift in Sources */ = {isa = PBXBuildFile; fileRef = 2DA7DB881D3667A900C280DD /* SQTabBarController.swift */; };
		2DA7DB8B1D3673F100C280DD /* SKFadeTransition.swift in Sources */ = {isa = PBXBuildFile; fileRef = 2DA7DB8A1D3673F100C280DD /* SKFadeTransition.swift */; };
		2DA7DB8D1D3675D000C280DD /* SQFloatingViewController.swift in Sources */ = {isa = PBXBuildFile; fileRef = 2DA7DB8C1D3675D000C280DD /* SQFloatingViewController.swift */; };
		2DA914A71E4B860300BC44AE /* SexyTooltip.m in Sources */ = {isa = PBXBuildFile; fileRef = 2DA914A61E4B860300BC44AE /* SexyTooltip.m */; };
		2DABE03F1D321CA2004AC755 /* SQPickingManager.swift in Sources */ = {isa = PBXBuildFile; fileRef = 2DABE03E1D321CA2004AC755 /* SQPickingManager.swift */; };
		2DABE0411D3224A7004AC755 /* SQCompletionViewController.swift in Sources */ = {isa = PBXBuildFile; fileRef = 2DABE0401D3224A7004AC755 /* SQCompletionViewController.swift */; };
		2DADAE631CFB1A3A008CA9CF /* SQAboutViewController.swift in Sources */ = {isa = PBXBuildFile; fileRef = 2DADAE621CFB1A3A008CA9CF /* SQAboutViewController.swift */; };
		2DB051C51CF055DD00D2867F /* SQDictionaryConvertable.swift in Sources */ = {isa = PBXBuildFile; fileRef = 2DB051C41CF055DD00D2867F /* SQDictionaryConvertable.swift */; };
		2DB051CC1CF0759B00D2867F /* SQAyahPlayerViewController.swift in Sources */ = {isa = PBXBuildFile; fileRef = 2DB051CB1CF0759B00D2867F /* SQAyahPlayerViewController.swift */; };
		2DBCCA051CF2E1DF008D182A /* SQProgressItem.swift in Sources */ = {isa = PBXBuildFile; fileRef = 2DBCCA041CF2E1DF008D182A /* SQProgressItem.swift */; };
		2DC5C4F81CF2A6B500B3BAA9 /* SQProgressItemCollectionViewCell.swift in Sources */ = {isa = PBXBuildFile; fileRef = 2DC5C4F71CF2A6B500B3BAA9 /* SQProgressItemCollectionViewCell.swift */; };
		2DCD82CA1E3E3ACC00B9E993 /* SQFavoritedRangesViewController.swift in Sources */ = {isa = PBXBuildFile; fileRef = 2DCD82C91E3E3ACC00B9E993 /* SQFavoritedRangesViewController.swift */; };
		2DE8600C1D40A2310024E9F8 /* SQPlayButton.swift in Sources */ = {isa = PBXBuildFile; fileRef = 2DE8600B1D40A2310024E9F8 /* SQPlayButton.swift */; };
		2DEFADD01E3E594F006416BA /* SQFavoritedRangeCollectionViewCell.swift in Sources */ = {isa = PBXBuildFile; fileRef = 2DEFADCF1E3E594F006416BA /* SQFavoritedRangeCollectionViewCell.swift */; };
		8E1453A51F5FC81100921C58 /* Features.xcassets in Resources */ = {isa = PBXBuildFile; fileRef = 8E1453A41F5FC81100921C58 /* Features.xcassets */; };
		8E549A351F6040DF00BB2726 /* SQExampleCollectionViewCell.swift in Sources */ = {isa = PBXBuildFile; fileRef = 8E549A341F6040DF00BB2726 /* SQExampleCollectionViewCell.swift */; };
		D7063BFF1F99CFFB004B5880 /* SQDownloadConstants.swift in Sources */ = {isa = PBXBuildFile; fileRef = D7063BFE1F99CFFB004B5880 /* SQDownloadConstants.swift */; };
		D720679C1F5AC31B00335C13 /* SQQuranStatbleConstants.swift in Sources */ = {isa = PBXBuildFile; fileRef = D720679B1F5AC31B00335C13 /* SQQuranStatbleConstants.swift */; };
		D72B8B6E1FC2BBB500671DEF /* SQSectionHeader.xib in Resources */ = {isa = PBXBuildFile; fileRef = D72B8B6D1FC2BBB500671DEF /* SQSectionHeader.xib */; };
		D72B8B701FC2BBF600671DEF /* SQLabelSectionHeader.swift in Sources */ = {isa = PBXBuildFile; fileRef = D72B8B6F1FC2BBF600671DEF /* SQLabelSectionHeader.swift */; };
		D733F3181FB733FD00B05A1F /* SQDownloadInfo.swift in Sources */ = {isa = PBXBuildFile; fileRef = D733F3171FB733FD00B05A1F /* SQDownloadInfo.swift */; };
		D74B97A01F97F4FD00298CA3 /* SQDownloadItem.swift in Sources */ = {isa = PBXBuildFile; fileRef = D74B979F1F97F4FD00298CA3 /* SQDownloadItem.swift */; };
		D74DD9E11F5E203A00426C29 /* SQIntroAboutViewController.swift in Sources */ = {isa = PBXBuildFile; fileRef = D74DD9E01F5E203A00426C29 /* SQIntroAboutViewController.swift */; };
		D74DD9E31F5E204F00426C29 /* SQIntroExampleViewController.swift in Sources */ = {isa = PBXBuildFile; fileRef = D74DD9E21F5E204F00426C29 /* SQIntroExampleViewController.swift */; };
		D74DD9E51F5E206400426C29 /* SQIntroFeaturesViewController.swift in Sources */ = {isa = PBXBuildFile; fileRef = D74DD9E41F5E206400426C29 /* SQIntroFeaturesViewController.swift */; };
		D74DD9E71F5E207C00426C29 /* SQFeatureTableViewCell.swift in Sources */ = {isa = PBXBuildFile; fileRef = D74DD9E61F5E207C00426C29 /* SQFeatureTableViewCell.swift */; };
		D74DD9E91F5E20E800426C29 /* SQAppFeature.swift in Sources */ = {isa = PBXBuildFile; fileRef = D74DD9E81F5E20E800426C29 /* SQAppFeature.swift */; };
		D76C330C1F5D1F2000E60A5B /* SQLabelCollectionReusableView.swift in Sources */ = {isa = PBXBuildFile; fileRef = D76C330B1F5D1F2000E60A5B /* SQLabelCollectionReusableView.swift */; };
		D7750EF41F5BC4470019FA15 /* SQAyahPickerTableViewCell.swift in Sources */ = {isa = PBXBuildFile; fileRef = D7750EF31F5BC4470019FA15 /* SQAyahPickerTableViewCell.swift */; };
		D7842DB41F5C1B5700C17528 /* OnBoarding.storyboard in Resources */ = {isa = PBXBuildFile; fileRef = D7842DB31F5C1B5700C17528 /* OnBoarding.storyboard */; };
		D7842DB61F5C1EDA00C17528 /* Charts.storyboard in Resources */ = {isa = PBXBuildFile; fileRef = D7842DB51F5C1EDA00C17528 /* Charts.storyboard */; };
		D7842DB81F5C209A00C17528 /* Player.storyboard in Resources */ = {isa = PBXBuildFile; fileRef = D7842DB71F5C209A00C17528 /* Player.storyboard */; };
		D7AE118C1FB6B52100DB98B2 /* SQDownloadManager.swift in Sources */ = {isa = PBXBuildFile; fileRef = D7AE118B1FB6B52100DB98B2 /* SQDownloadManager.swift */; };
		D7B85CCF1F59B4C000EBCBA9 /* SQQuranReader.swift in Sources */ = {isa = PBXBuildFile; fileRef = D7B85CCE1F59B4C000EBCBA9 /* SQQuranReader.swift */; };
		D7B85CD11F59B64700EBCBA9 /* CoreBasicConstants.swift in Sources */ = {isa = PBXBuildFile; fileRef = D7B85CD01F59B64700EBCBA9 /* CoreBasicConstants.swift */; };
		D7B85CD41F59BCDB00EBCBA9 /* SQSoundItem.swift in Sources */ = {isa = PBXBuildFile; fileRef = D7B85CD31F59BCDB00EBCBA9 /* SQSoundItem.swift */; };
		D7B85CD81F59C42000EBCBA9 /* Picking.storyboard in Resources */ = {isa = PBXBuildFile; fileRef = D7B85CD71F59C42000EBCBA9 /* Picking.storyboard */; };
		D7B85CDB1F59E52600EBCBA9 /* PickingConstants.swift in Sources */ = {isa = PBXBuildFile; fileRef = D7B85CDA1F59E52600EBCBA9 /* PickingConstants.swift */; };
		D7B85CDD1F59E68500EBCBA9 /* SQPickingResult.swift in Sources */ = {isa = PBXBuildFile; fileRef = D7B85CDC1F59E68500EBCBA9 /* SQPickingResult.swift */; };
		D7C2BF161FC0348900AA7EFC /* SQDownloadManagerDelegate.swift in Sources */ = {isa = PBXBuildFile; fileRef = D7C2BF151FC0348900AA7EFC /* SQDownloadManagerDelegate.swift */; };
		D7C2BF5B1FC036A600AA7EFC /* SQViewController.swift in Sources */ = {isa = PBXBuildFile; fileRef = D7C2BF5A1FC036A600AA7EFC /* SQViewController.swift */; };
		D7C2BF5D1FC036EA00AA7EFC /* Strings.swift in Sources */ = {isa = PBXBuildFile; fileRef = D7C2BF5C1FC036EA00AA7EFC /* Strings.swift */; };
		D7EE44511F6FF9E6007F41CE /* GoogleService-Info.plist in Resources */ = {isa = PBXBuildFile; fileRef = D7EE44501F6FF9E6007F41CE /* GoogleService-Info.plist */; };
		D7F0317F1F5B34F0008A1A8C /* SQProgressContainer.swift in Sources */ = {isa = PBXBuildFile; fileRef = D7F0317E1F5B34F0008A1A8C /* SQProgressContainer.swift */; };
		D7F031811F5B354E008A1A8C /* SQProgressItemsManager.swift in Sources */ = {isa = PBXBuildFile; fileRef = D7F031801F5B354E008A1A8C /* SQProgressItemsManager.swift */; };
		D7F031831F5B3715008A1A8C /* SQProgressConstants.swift in Sources */ = {isa = PBXBuildFile; fileRef = D7F031821F5B3715008A1A8C /* SQProgressConstants.swift */; };
		D7FCE8BB1F95ED7400E5B187 /* SQSurahDownload.swift in Sources */ = {isa = PBXBuildFile; fileRef = D7FCE8BA1F95ED7400E5B187 /* SQSurahDownload.swift */; };
		E0FD89971A83411ACF8026F0 /* Pods_Quran_App.framework in Frameworks */ = {isa = PBXBuildFile; fileRef = 9C7EA9347FC8F77242606163 /* Pods_Quran_App.framework */; };
		E40EDDD82257EA8D0046BCA5 /* UthmanicHafs1 Ver12.otf in Resources */ = {isa = PBXBuildFile; fileRef = E40EDDD72257E44D0046BCA5 /* UthmanicHafs1 Ver12.otf */; };
		E40EDDDA2257EC660046BCA5 /* UthmanicHafs1B Ver12.otf in Resources */ = {isa = PBXBuildFile; fileRef = E40EDDD92257EC630046BCA5 /* UthmanicHafs1B Ver12.otf */; };
		E40EDDDC2257EF3C0046BCA5 /* quran-simple.xml in Resources */ = {isa = PBXBuildFile; fileRef = E40EDDDB2257EF3C0046BCA5 /* quran-simple.xml */; };
		E40EDDDE2257EF780046BCA5 /* quran-simple-enhanced.xml in Resources */ = {isa = PBXBuildFile; fileRef = E40EDDDD2257EF770046BCA5 /* quran-simple-enhanced.xml */; };
		E428083522692A9B0076DB3C /* SQAyatPageViewController.swift in Sources */ = {isa = PBXBuildFile; fileRef = E428083422692A9B0076DB3C /* SQAyatPageViewController.swift */; };
		E428083722692F9B0076DB3C /* SQFittableLabel.swift in Sources */ = {isa = PBXBuildFile; fileRef = E428083622692F9B0076DB3C /* SQFittableLabel.swift */; };
		E4ABDDFA2024955F00D8CA69 /* SQDownloadUserDefaults.swift in Sources */ = {isa = PBXBuildFile; fileRef = E4ABDDF92024955F00D8CA69 /* SQDownloadUserDefaults.swift */; };
		E4BE2489202364E8003E9C64 /* SQSurahDownloadTableViewCell.swift in Sources */ = {isa = PBXBuildFile; fileRef = E4BE2488202364E8003E9C64 /* SQSurahDownloadTableViewCell.swift */; };
		E4BE248B20236AE5003E9C64 /* CoreBasicCommons.swift in Sources */ = {isa = PBXBuildFile; fileRef = E4BE248A20236AE5003E9C64 /* CoreBasicCommons.swift */; };
/* End PBXBuildFile section */

/* Begin PBXCopyFilesBuildPhase section */
		2D0E7FAE1E2E552A0051ADDF /* Embed Frameworks */ = {
			isa = PBXCopyFilesBuildPhase;
			buildActionMask = 2147483647;
			dstPath = "";
			dstSubfolderSpec = 10;
			files = (
			);
			name = "Embed Frameworks";
			runOnlyForDeploymentPostprocessing = 0;
		};
/* End PBXCopyFilesBuildPhase section */

/* Begin PBXFileReference section */
		2D0D8E501D447B9D00747E4B /* SQSettingsController.swift */ = {isa = PBXFileReference; fileEncoding = 4; lastKnownFileType = sourcecode.swift; path = SQSettingsController.swift; sourceTree = "<group>"; };
		2D0D8E521D447F2200747E4B /* SQSettingsViewController.swift */ = {isa = PBXFileReference; fileEncoding = 4; lastKnownFileType = sourcecode.swift; path = SQSettingsViewController.swift; sourceTree = "<group>"; };
		2D0D8E581D4489C700747E4B /* SQRegularHeaderView.swift */ = {isa = PBXFileReference; fileEncoding = 4; lastKnownFileType = sourcecode.swift; path = SQRegularHeaderView.swift; sourceTree = "<group>"; };
		2D0D8E5A1D4489E100747E4B /* SQRegularHeaderView.xib */ = {isa = PBXFileReference; fileEncoding = 4; lastKnownFileType = file.xib; path = SQRegularHeaderView.xib; sourceTree = "<group>"; };
		2D159CFD1CEBBBDA00D088BA /* Quran App.app */ = {isa = PBXFileReference; explicitFileType = wrapper.application; includeInIndex = 0; path = "Quran App.app"; sourceTree = BUILT_PRODUCTS_DIR; };
		2D159D001CEBBBDB00D088BA /* SQAppDelegate.swift */ = {isa = PBXFileReference; lastKnownFileType = sourcecode.swift; path = SQAppDelegate.swift; sourceTree = "<group>"; };
		2D159D051CEBBBDB00D088BA /* Base */ = {isa = PBXFileReference; lastKnownFileType = file.storyboard; name = Base; path = Base.lproj/Main.storyboard; sourceTree = "<group>"; };
		2D159D081CEBBBDB00D088BA /* Quran_App.xcdatamodel */ = {isa = PBXFileReference; lastKnownFileType = wrapper.xcdatamodel; path = Quran_App.xcdatamodel; sourceTree = "<group>"; };
		2D159D0A1CEBBBDB00D088BA /* Assets.xcassets */ = {isa = PBXFileReference; lastKnownFileType = folder.assetcatalog; path = Assets.xcassets; sourceTree = "<group>"; };
		2D159D0D1CEBBBDB00D088BA /* Base */ = {isa = PBXFileReference; lastKnownFileType = file.storyboard; name = Base; path = Base.lproj/LaunchScreen.storyboard; sourceTree = "<group>"; };
		2D159D0F1CEBBBDB00D088BA /* Info.plist */ = {isa = PBXFileReference; lastKnownFileType = text.plist.xml; path = Info.plist; sourceTree = "<group>"; };
		2D19F2BA1CF29F60003E616D /* SQChartsViewController.swift */ = {isa = PBXFileReference; fileEncoding = 4; lastKnownFileType = sourcecode.swift; path = SQChartsViewController.swift; sourceTree = "<group>"; };
		2D21C7281E3918C200B17BFF /* SwiftyTimer.swift */ = {isa = PBXFileReference; fileEncoding = 4; lastKnownFileType = sourcecode.swift; path = SwiftyTimer.swift; sourceTree = "<group>"; };
		2D2215561E39B8790081B506 /* SQChartDetailsViewController.swift */ = {isa = PBXFileReference; fileEncoding = 4; lastKnownFileType = sourcecode.swift; path = SQChartDetailsViewController.swift; sourceTree = "<group>"; };
		2D2215581E39BC2E0081B506 /* SQChartyFRTableViewCells.swift */ = {isa = PBXFileReference; fileEncoding = 4; lastKnownFileType = sourcecode.swift; path = SQChartyFRTableViewCells.swift; sourceTree = "<group>"; };
		2D32FC1B1D2329C3003037A3 /* SQSurahsViewController.swift */ = {isa = PBXFileReference; fileEncoding = 4; lastKnownFileType = sourcecode.swift; path = SQSurahsViewController.swift; sourceTree = "<group>"; };
		2D32FC1D1D232D6E003037A3 /* SQSurahCollectionViewCell.swift */ = {isa = PBXFileReference; fileEncoding = 4; lastKnownFileType = sourcecode.swift; path = SQSurahCollectionViewCell.swift; sourceTree = "<group>"; };
		2D3D48361CFCAB6500D12A7D /* MediaPlayer.framework */ = {isa = PBXFileReference; lastKnownFileType = wrapper.framework; name = MediaPlayer.framework; path = System/Library/Frameworks/MediaPlayer.framework; sourceTree = SDKROOT; };
		2D3D48391CFCB41A00D12A7D /* SQFavoriteRange.swift */ = {isa = PBXFileReference; fileEncoding = 4; lastKnownFileType = sourcecode.swift; path = SQFavoriteRange.swift; sourceTree = "<group>"; };
		2D49F7F01CEC9410008827C0 /* SQArrayTransformer.swift */ = {isa = PBXFileReference; fileEncoding = 4; lastKnownFileType = sourcecode.swift; path = SQArrayTransformer.swift; sourceTree = "<group>"; };
		2D49F7F31CECE80E008827C0 /* Palette.swift */ = {isa = PBXFileReference; fileEncoding = 4; lastKnownFileType = sourcecode.swift; path = Palette.swift; sourceTree = "<group>"; };
		2D4CAF251CED981900D1066A /* me_quran.ttf */ = {isa = PBXFileReference; lastKnownFileType = file; path = me_quran.ttf; sourceTree = "<group>"; };
		2D581CA51D29AE51001D7B91 /* SQSurahPickerViewController.swift */ = {isa = PBXFileReference; fileEncoding = 4; lastKnownFileType = sourcecode.swift; path = SQSurahPickerViewController.swift; sourceTree = "<group>"; };
		2D581CA81D29AE64001D7B91 /* SQAyahPickerViewController.swift */ = {isa = PBXFileReference; fileEncoding = 4; lastKnownFileType = sourcecode.swift; path = SQAyahPickerViewController.swift; sourceTree = "<group>"; };
		2D58624E1CEDB7AC00156A18 /* Extensions.swift */ = {isa = PBXFileReference; fileEncoding = 4; lastKnownFileType = sourcecode.swift; path = Extensions.swift; sourceTree = "<group>"; };
		2D6194941D2FC8BB0080BFA8 /* SQSurahTableViewCell.swift */ = {isa = PBXFileReference; fileEncoding = 4; lastKnownFileType = sourcecode.swift; path = SQSurahTableViewCell.swift; sourceTree = "<group>"; };
		2D6194961D2FC9C20080BFA8 /* SQPickerViewController.swift */ = {isa = PBXFileReference; fileEncoding = 4; lastKnownFileType = sourcecode.swift; path = SQPickerViewController.swift; sourceTree = "<group>"; };
		2D6918A01E3392B700F46996 /* SQMiniPlayerViewController.swift */ = {isa = PBXFileReference; fileEncoding = 4; lastKnownFileType = sourcecode.swift; path = SQMiniPlayerViewController.swift; sourceTree = "<group>"; };
		2D6EA6401E3F9836004A9339 /* TwinkleImage.png */ = {isa = PBXFileReference; lastKnownFileType = image.png; path = TwinkleImage.png; sourceTree = "<group>"; };
		2D6EA6411E3F9836004A9339 /* Twinkle.swift */ = {isa = PBXFileReference; fileEncoding = 4; lastKnownFileType = sourcecode.swift; path = Twinkle.swift; sourceTree = "<group>"; };
		2D7884661E3B940300837F3B /* SlideInPresentationController.swift */ = {isa = PBXFileReference; fileEncoding = 4; lastKnownFileType = sourcecode.swift; path = SlideInPresentationController.swift; sourceTree = "<group>"; };
		2D7884671E3B940300837F3B /* SlideInPresentationManager.swift */ = {isa = PBXFileReference; fileEncoding = 4; lastKnownFileType = sourcecode.swift; path = SlideInPresentationManager.swift; sourceTree = "<group>"; };
		2D79FBC51CF2144500DD93B7 /* Constants.swift */ = {isa = PBXFileReference; fileEncoding = 4; lastKnownFileType = sourcecode.swift; path = Constants.swift; sourceTree = "<group>"; };
		2D81BCD71E3757F100FB1587 /* SQLinearProgressView.swift */ = {isa = PBXFileReference; fileEncoding = 4; lastKnownFileType = sourcecode.swift; path = SQLinearProgressView.swift; sourceTree = "<group>"; };
		2D8254CF1E3B11FA00C23743 /* SQStoreViewController.swift */ = {isa = PBXFileReference; fileEncoding = 4; lastKnownFileType = sourcecode.swift; path = SQStoreViewController.swift; sourceTree = "<group>"; };
		2D87C1DE1E4206C900C19393 /* SQDeleteButton.swift */ = {isa = PBXFileReference; fileEncoding = 4; lastKnownFileType = sourcecode.swift; path = SQDeleteButton.swift; sourceTree = "<group>"; };
		2D8B89D01D3ED42000F1286F /* UPCarouselFlowLayout.swift */ = {isa = PBXFileReference; fileEncoding = 4; lastKnownFileType = sourcecode.swift; path = UPCarouselFlowLayout.swift; sourceTree = "<group>"; };
		2D8C52401D3DAA8900102A82 /* SQMoreOptionTableViewCell.swift */ = {isa = PBXFileReference; fileEncoding = 4; lastKnownFileType = sourcecode.swift; path = SQMoreOptionTableViewCell.swift; sourceTree = "<group>"; };
		2D9BE21C1CEC0750004B97F1 /* Quran App-Bridging-Header.h */ = {isa = PBXFileReference; lastKnownFileType = sourcecode.c.h; path = "Quran App-Bridging-Header.h"; sourceTree = "<group>"; };
		2D9BE21D1CEC0750004B97F1 /* XMLDictionary.h */ = {isa = PBXFileReference; fileEncoding = 4; lastKnownFileType = sourcecode.c.h; path = XMLDictionary.h; sourceTree = "<group>"; };
		2D9BE21E1CEC0750004B97F1 /* XMLDictionary.m */ = {isa = PBXFileReference; fileEncoding = 4; lastKnownFileType = sourcecode.c.objc; path = XMLDictionary.m; sourceTree = "<group>"; };
		2D9BE2201CEC07EB004B97F1 /* quran-uthmani.xml */ = {isa = PBXFileReference; fileEncoding = 4; lastKnownFileType = text.xml; path = "quran-uthmani.xml"; sourceTree = "<group>"; };
		2D9BE2221CEC33B1004B97F1 /* SQQuranStateManager.swift */ = {isa = PBXFileReference; fileEncoding = 4; lastKnownFileType = sourcecode.swift; path = SQQuranStateManager.swift; sourceTree = "<group>"; };
		2D9BE2291CEC3820004B97F1 /* SQSurah.swift */ = {isa = PBXFileReference; fileEncoding = 4; lastKnownFileType = sourcecode.swift; path = SQSurah.swift; sourceTree = "<group>"; };
		2D9BE22B1CEC3828004B97F1 /* SQAyah.swift */ = {isa = PBXFileReference; fileEncoding = 4; lastKnownFileType = sourcecode.swift; path = SQAyah.swift; sourceTree = "<group>"; };
		2D9BE22D1CEC3849004B97F1 /* SQSurahInfo.swift */ = {isa = PBXFileReference; fileEncoding = 4; lastKnownFileType = sourcecode.swift; path = SQSurahInfo.swift; sourceTree = "<group>"; };
		2D9BE22F1CEC3EEB004B97F1 /* SQAyatViewController.swift */ = {isa = PBXFileReference; fileEncoding = 4; lastKnownFileType = sourcecode.swift; path = SQAyatViewController.swift; sourceTree = "<group>"; };
		2D9BE2321CEC40B3004B97F1 /* SQAyaRepTableViewCell.swift */ = {isa = PBXFileReference; fileEncoding = 4; lastKnownFileType = sourcecode.swift; path = SQAyaRepTableViewCell.swift; sourceTree = "<group>"; };
		2DA652971CF3316800EEB4D5 /* SQSoundManager.swift */ = {isa = PBXFileReference; fileEncoding = 4; lastKnownFileType = sourcecode.swift; path = SQSoundManager.swift; sourceTree = "<group>"; };
		2DA7DB881D3667A900C280DD /* SQTabBarController.swift */ = {isa = PBXFileReference; fileEncoding = 4; lastKnownFileType = sourcecode.swift; path = SQTabBarController.swift; sourceTree = "<group>"; };
		2DA7DB8A1D3673F100C280DD /* SKFadeTransition.swift */ = {isa = PBXFileReference; fileEncoding = 4; lastKnownFileType = sourcecode.swift; path = SKFadeTransition.swift; sourceTree = "<group>"; };
		2DA7DB8C1D3675D000C280DD /* SQFloatingViewController.swift */ = {isa = PBXFileReference; fileEncoding = 4; lastKnownFileType = sourcecode.swift; path = SQFloatingViewController.swift; sourceTree = "<group>"; };
		2DA914A51E4B860300BC44AE /* SexyTooltip.h */ = {isa = PBXFileReference; fileEncoding = 4; lastKnownFileType = sourcecode.c.h; path = SexyTooltip.h; sourceTree = "<group>"; };
		2DA914A61E4B860300BC44AE /* SexyTooltip.m */ = {isa = PBXFileReference; fileEncoding = 4; lastKnownFileType = sourcecode.c.objc; path = SexyTooltip.m; sourceTree = "<group>"; };
		2DABE03E1D321CA2004AC755 /* SQPickingManager.swift */ = {isa = PBXFileReference; fileEncoding = 4; lastKnownFileType = sourcecode.swift; path = SQPickingManager.swift; sourceTree = "<group>"; };
		2DABE0401D3224A7004AC755 /* SQCompletionViewController.swift */ = {isa = PBXFileReference; fileEncoding = 4; lastKnownFileType = sourcecode.swift; path = SQCompletionViewController.swift; sourceTree = "<group>"; };
		2DADAE621CFB1A3A008CA9CF /* SQAboutViewController.swift */ = {isa = PBXFileReference; fileEncoding = 4; lastKnownFileType = sourcecode.swift; path = SQAboutViewController.swift; sourceTree = "<group>"; };
		2DB051C41CF055DD00D2867F /* SQDictionaryConvertable.swift */ = {isa = PBXFileReference; fileEncoding = 4; lastKnownFileType = sourcecode.swift; path = SQDictionaryConvertable.swift; sourceTree = "<group>"; };
		2DB051CB1CF0759B00D2867F /* SQAyahPlayerViewController.swift */ = {isa = PBXFileReference; fileEncoding = 4; lastKnownFileType = sourcecode.swift; path = SQAyahPlayerViewController.swift; sourceTree = "<group>"; };
		2DBCCA041CF2E1DF008D182A /* SQProgressItem.swift */ = {isa = PBXFileReference; fileEncoding = 4; lastKnownFileType = sourcecode.swift; path = SQProgressItem.swift; sourceTree = "<group>"; };
		2DC5C4F71CF2A6B500B3BAA9 /* SQProgressItemCollectionViewCell.swift */ = {isa = PBXFileReference; fileEncoding = 4; lastKnownFileType = sourcecode.swift; path = SQProgressItemCollectionViewCell.swift; sourceTree = "<group>"; };
		2DCD82C91E3E3ACC00B9E993 /* SQFavoritedRangesViewController.swift */ = {isa = PBXFileReference; fileEncoding = 4; lastKnownFileType = sourcecode.swift; path = SQFavoritedRangesViewController.swift; sourceTree = "<group>"; };
		2DE8600B1D40A2310024E9F8 /* SQPlayButton.swift */ = {isa = PBXFileReference; fileEncoding = 4; lastKnownFileType = sourcecode.swift; path = SQPlayButton.swift; sourceTree = "<group>"; };
		2DEFADCF1E3E594F006416BA /* SQFavoritedRangeCollectionViewCell.swift */ = {isa = PBXFileReference; fileEncoding = 4; lastKnownFileType = sourcecode.swift; path = SQFavoritedRangeCollectionViewCell.swift; sourceTree = "<group>"; };
		3C9109D3CF9159F848C8B8FB /* Pods.framework */ = {isa = PBXFileReference; explicitFileType = wrapper.framework; includeInIndex = 0; path = Pods.framework; sourceTree = BUILT_PRODUCTS_DIR; };
		63A780DCE22081F5B53A7ABE /* Pods-Quran App.debug.xcconfig */ = {isa = PBXFileReference; includeInIndex = 1; lastKnownFileType = text.xcconfig; name = "Pods-Quran App.debug.xcconfig"; path = "Pods/Target Support Files/Pods-Quran App/Pods-Quran App.debug.xcconfig"; sourceTree = "<group>"; };
		8E1453A41F5FC81100921C58 /* Features.xcassets */ = {isa = PBXFileReference; lastKnownFileType = folder.assetcatalog; path = Features.xcassets; sourceTree = "<group>"; };
		8E549A341F6040DF00BB2726 /* SQExampleCollectionViewCell.swift */ = {isa = PBXFileReference; fileEncoding = 4; lastKnownFileType = sourcecode.swift; path = SQExampleCollectionViewCell.swift; sourceTree = "<group>"; };
		9C7EA9347FC8F77242606163 /* Pods_Quran_App.framework */ = {isa = PBXFileReference; explicitFileType = wrapper.framework; includeInIndex = 0; path = Pods_Quran_App.framework; sourceTree = BUILT_PRODUCTS_DIR; };
		B1D5C15D6248516F32D07AB9 /* Pods-Quran App.release.xcconfig */ = {isa = PBXFileReference; includeInIndex = 1; lastKnownFileType = text.xcconfig; name = "Pods-Quran App.release.xcconfig"; path = "Pods/Target Support Files/Pods-Quran App/Pods-Quran App.release.xcconfig"; sourceTree = "<group>"; };
		D7063BFE1F99CFFB004B5880 /* SQDownloadConstants.swift */ = {isa = PBXFileReference; lastKnownFileType = sourcecode.swift; path = SQDownloadConstants.swift; sourceTree = "<group>"; };
		D720679B1F5AC31B00335C13 /* SQQuranStatbleConstants.swift */ = {isa = PBXFileReference; fileEncoding = 4; lastKnownFileType = sourcecode.swift; path = SQQuranStatbleConstants.swift; sourceTree = "<group>"; };
		D72B8B6D1FC2BBB500671DEF /* SQSectionHeader.xib */ = {isa = PBXFileReference; lastKnownFileType = file.xib; path = SQSectionHeader.xib; sourceTree = "<group>"; };
		D72B8B6F1FC2BBF600671DEF /* SQLabelSectionHeader.swift */ = {isa = PBXFileReference; lastKnownFileType = sourcecode.swift; path = SQLabelSectionHeader.swift; sourceTree = "<group>"; };
		D733F3171FB733FD00B05A1F /* SQDownloadInfo.swift */ = {isa = PBXFileReference; lastKnownFileType = sourcecode.swift; path = SQDownloadInfo.swift; sourceTree = "<group>"; };
		D74B979F1F97F4FD00298CA3 /* SQDownloadItem.swift */ = {isa = PBXFileReference; lastKnownFileType = sourcecode.swift; path = SQDownloadItem.swift; sourceTree = "<group>"; };
		D74DD9E01F5E203A00426C29 /* SQIntroAboutViewController.swift */ = {isa = PBXFileReference; fileEncoding = 4; lastKnownFileType = sourcecode.swift; path = SQIntroAboutViewController.swift; sourceTree = "<group>"; };
		D74DD9E21F5E204F00426C29 /* SQIntroExampleViewController.swift */ = {isa = PBXFileReference; fileEncoding = 4; lastKnownFileType = sourcecode.swift; path = SQIntroExampleViewController.swift; sourceTree = "<group>"; };
		D74DD9E41F5E206400426C29 /* SQIntroFeaturesViewController.swift */ = {isa = PBXFileReference; fileEncoding = 4; lastKnownFileType = sourcecode.swift; path = SQIntroFeaturesViewController.swift; sourceTree = "<group>"; };
		D74DD9E61F5E207C00426C29 /* SQFeatureTableViewCell.swift */ = {isa = PBXFileReference; fileEncoding = 4; lastKnownFileType = sourcecode.swift; path = SQFeatureTableViewCell.swift; sourceTree = "<group>"; };
		D74DD9E81F5E20E800426C29 /* SQAppFeature.swift */ = {isa = PBXFileReference; fileEncoding = 4; lastKnownFileType = sourcecode.swift; path = SQAppFeature.swift; sourceTree = "<group>"; };
		D76C330B1F5D1F2000E60A5B /* SQLabelCollectionReusableView.swift */ = {isa = PBXFileReference; fileEncoding = 4; lastKnownFileType = sourcecode.swift; path = SQLabelCollectionReusableView.swift; sourceTree = "<group>"; };
		D7750EF31F5BC4470019FA15 /* SQAyahPickerTableViewCell.swift */ = {isa = PBXFileReference; fileEncoding = 4; lastKnownFileType = sourcecode.swift; path = SQAyahPickerTableViewCell.swift; sourceTree = "<group>"; };
		D7842DB31F5C1B5700C17528 /* OnBoarding.storyboard */ = {isa = PBXFileReference; fileEncoding = 4; lastKnownFileType = file.storyboard; path = OnBoarding.storyboard; sourceTree = "<group>"; };
		D7842DB51F5C1EDA00C17528 /* Charts.storyboard */ = {isa = PBXFileReference; fileEncoding = 4; lastKnownFileType = file.storyboard; path = Charts.storyboard; sourceTree = "<group>"; };
		D7842DB71F5C209A00C17528 /* Player.storyboard */ = {isa = PBXFileReference; fileEncoding = 4; lastKnownFileType = file.storyboard; path = Player.storyboard; sourceTree = "<group>"; };
		D7AE118B1FB6B52100DB98B2 /* SQDownloadManager.swift */ = {isa = PBXFileReference; lastKnownFileType = sourcecode.swift; path = SQDownloadManager.swift; sourceTree = "<group>"; };
		D7B85CCE1F59B4C000EBCBA9 /* SQQuranReader.swift */ = {isa = PBXFileReference; fileEncoding = 4; lastKnownFileType = sourcecode.swift; path = SQQuranReader.swift; sourceTree = "<group>"; };
		D7B85CD01F59B64700EBCBA9 /* CoreBasicConstants.swift */ = {isa = PBXFileReference; fileEncoding = 4; lastKnownFileType = sourcecode.swift; path = CoreBasicConstants.swift; sourceTree = "<group>"; };
		D7B85CD31F59BCDB00EBCBA9 /* SQSoundItem.swift */ = {isa = PBXFileReference; fileEncoding = 4; lastKnownFileType = sourcecode.swift; path = SQSoundItem.swift; sourceTree = "<group>"; };
		D7B85CD71F59C42000EBCBA9 /* Picking.storyboard */ = {isa = PBXFileReference; fileEncoding = 4; lastKnownFileType = file.storyboard; path = Picking.storyboard; sourceTree = "<group>"; };
		D7B85CDA1F59E52600EBCBA9 /* PickingConstants.swift */ = {isa = PBXFileReference; fileEncoding = 4; lastKnownFileType = sourcecode.swift; path = PickingConstants.swift; sourceTree = "<group>"; };
		D7B85CDC1F59E68500EBCBA9 /* SQPickingResult.swift */ = {isa = PBXFileReference; fileEncoding = 4; lastKnownFileType = sourcecode.swift; path = SQPickingResult.swift; sourceTree = "<group>"; };
		D7C2BF151FC0348900AA7EFC /* SQDownloadManagerDelegate.swift */ = {isa = PBXFileReference; lastKnownFileType = sourcecode.swift; path = SQDownloadManagerDelegate.swift; sourceTree = "<group>"; };
		D7C2BF5A1FC036A600AA7EFC /* SQViewController.swift */ = {isa = PBXFileReference; lastKnownFileType = sourcecode.swift; path = SQViewController.swift; sourceTree = "<group>"; };
		D7C2BF5C1FC036EA00AA7EFC /* Strings.swift */ = {isa = PBXFileReference; lastKnownFileType = sourcecode.swift; path = Strings.swift; sourceTree = "<group>"; };
		D7EE44501F6FF9E6007F41CE /* GoogleService-Info.plist */ = {isa = PBXFileReference; fileEncoding = 4; lastKnownFileType = text.plist.xml; path = "GoogleService-Info.plist"; sourceTree = "<group>"; };
		D7F0317E1F5B34F0008A1A8C /* SQProgressContainer.swift */ = {isa = PBXFileReference; fileEncoding = 4; lastKnownFileType = sourcecode.swift; path = SQProgressContainer.swift; sourceTree = "<group>"; };
		D7F031801F5B354E008A1A8C /* SQProgressItemsManager.swift */ = {isa = PBXFileReference; fileEncoding = 4; lastKnownFileType = sourcecode.swift; path = SQProgressItemsManager.swift; sourceTree = "<group>"; };
		D7F031821F5B3715008A1A8C /* SQProgressConstants.swift */ = {isa = PBXFileReference; fileEncoding = 4; lastKnownFileType = sourcecode.swift; path = SQProgressConstants.swift; sourceTree = "<group>"; };
		D7FCE8BA1F95ED7400E5B187 /* SQSurahDownload.swift */ = {isa = PBXFileReference; lastKnownFileType = sourcecode.swift; path = SQSurahDownload.swift; sourceTree = "<group>"; };
		E40EDDD72257E44D0046BCA5 /* UthmanicHafs1 Ver12.otf */ = {isa = PBXFileReference; lastKnownFileType = file; path = "UthmanicHafs1 Ver12.otf"; sourceTree = "<group>"; };
		E40EDDD92257EC630046BCA5 /* UthmanicHafs1B Ver12.otf */ = {isa = PBXFileReference; lastKnownFileType = file; path = "UthmanicHafs1B Ver12.otf"; sourceTree = "<group>"; };
		E40EDDDB2257EF3C0046BCA5 /* quran-simple.xml */ = {isa = PBXFileReference; fileEncoding = 4; lastKnownFileType = text.xml; path = "quran-simple.xml"; sourceTree = "<group>"; };
		E40EDDDD2257EF770046BCA5 /* quran-simple-enhanced.xml */ = {isa = PBXFileReference; fileEncoding = 4; lastKnownFileType = text.xml; path = "quran-simple-enhanced.xml"; sourceTree = "<group>"; };
		E428083422692A9B0076DB3C /* SQAyatPageViewController.swift */ = {isa = PBXFileReference; lastKnownFileType = sourcecode.swift; path = SQAyatPageViewController.swift; sourceTree = "<group>"; };
		E428083622692F9B0076DB3C /* SQFittableLabel.swift */ = {isa = PBXFileReference; lastKnownFileType = sourcecode.swift; path = SQFittableLabel.swift; sourceTree = "<group>"; };
		E4ABDDF92024955F00D8CA69 /* SQDownloadUserDefaults.swift */ = {isa = PBXFileReference; lastKnownFileType = sourcecode.swift; path = SQDownloadUserDefaults.swift; sourceTree = "<group>"; };
		E4BE2488202364E8003E9C64 /* SQSurahDownloadTableViewCell.swift */ = {isa = PBXFileReference; lastKnownFileType = sourcecode.swift; path = SQSurahDownloadTableViewCell.swift; sourceTree = "<group>"; };
		E4BE248A20236AE5003E9C64 /* CoreBasicCommons.swift */ = {isa = PBXFileReference; lastKnownFileType = sourcecode.swift; path = CoreBasicCommons.swift; sourceTree = "<group>"; };
/* End PBXFileReference section */

/* Begin PBXFrameworksBuildPhase section */
		2D159CFA1CEBBBDA00D088BA /* Frameworks */ = {
			isa = PBXFrameworksBuildPhase;
			buildActionMask = 2147483647;
			files = (
				2D3D48371CFCAB6500D12A7D /* MediaPlayer.framework in Frameworks */,
				E0FD89971A83411ACF8026F0 /* Pods_Quran_App.framework in Frameworks */,
			);
			runOnlyForDeploymentPostprocessing = 0;
		};
/* End PBXFrameworksBuildPhase section */

/* Begin PBXGroup section */
		004BE3E9B6B7DC1FD29821F0 /* Pods */ = {
			isa = PBXGroup;
			children = (
				63A780DCE22081F5B53A7ABE /* Pods-Quran App.debug.xcconfig */,
				B1D5C15D6248516F32D07AB9 /* Pods-Quran App.release.xcconfig */,
			);
			name = Pods;
			sourceTree = "<group>";
		};
		2D159CF41CEBBBDA00D088BA = {
			isa = PBXGroup;
			children = (
				2D159CFF1CEBBBDB00D088BA /* Quran App */,
				2D159CFE1CEBBBDA00D088BA /* Products */,
				F0046A1ABD046B044307D69C /* Frameworks */,
				004BE3E9B6B7DC1FD29821F0 /* Pods */,
			);
			sourceTree = "<group>";
		};
		2D159CFE1CEBBBDA00D088BA /* Products */ = {
			isa = PBXGroup;
			children = (
				2D159CFD1CEBBBDA00D088BA /* Quran App.app */,
			);
			name = Products;
			sourceTree = "<group>";
		};
		2D159CFF1CEBBBDB00D088BA /* Quran App */ = {
			isa = PBXGroup;
			children = (
				2D9BE21C1CEC0750004B97F1 /* Quran App-Bridging-Header.h */,
				2D159D001CEBBBDB00D088BA /* SQAppDelegate.swift */,
				D7C2BF5A1FC036A600AA7EFC /* SQViewController.swift */,
				2DA7DB881D3667A900C280DD /* SQTabBarController.swift */,
				2DA7DB8C1D3675D000C280DD /* SQFloatingViewController.swift */,
				2D79FBC51CF2144500DD93B7 /* Constants.swift */,
				D7C2BF5C1FC036EA00AA7EFC /* Strings.swift */,
				2D159D041CEBBBDB00D088BA /* Main.storyboard */,
				E428083322692A870076DB3C /* Lab */,
				D7842DB21F5C1B4600C17528 /* OnBoarding */,
				D75E5F0A1F597EB300946472 /* Theme */,
				D7B85CCD1F59B32400EBCBA9 /* CoreBasic */,
				D7B85CD51F59C13900EBCBA9 /* Memorizing Quran */,
				D75E5F071F597E9100946472 /* CorePlayer */,
				D75E5F0D1F5980F100946472 /* Charts */,
				D75E5F0B1F597EBC00946472 /* Preferences */,
				D75E5F041F597E7600946472 /* Picking */,
				D75E5F051F597E8200946472 /* Networking + Store */,
				2D9BE2251CEC33CF004B97F1 /* Supporting Files */,
			);
			path = "Quran App";
			sourceTree = "<group>";
		};
		2D6210A21D3618F9003622DE /* Transitions */ = {
			isa = PBXGroup;
			children = (
				2DA7DB8A1D3673F100C280DD /* SKFadeTransition.swift */,
				2D7884661E3B940300837F3B /* SlideInPresentationController.swift */,
				2D7884671E3B940300837F3B /* SlideInPresentationManager.swift */,
			);
			name = Transitions;
			sourceTree = "<group>";
		};
		2D6EA63F1E3F9836004A9339 /* Resources */ = {
			isa = PBXGroup;
			children = (
				2D6EA6401E3F9836004A9339 /* TwinkleImage.png */,
			);
			path = Resources;
			sourceTree = "<group>";
		};
		2D6EA6441E3F983E004A9339 /* Twinkle */ = {
			isa = PBXGroup;
			children = (
				2D6EA63F1E3F9836004A9339 /* Resources */,
				2D6EA6411E3F9836004A9339 /* Twinkle.swift */,
			);
			name = Twinkle;
			sourceTree = "<group>";
		};
		2D9BE2251CEC33CF004B97F1 /* Supporting Files */ = {
			isa = PBXGroup;
			children = (
				2D4CAF251CED981900D1066A /* me_quran.ttf */,
				E40EDDD72257E44D0046BCA5 /* UthmanicHafs1 Ver12.otf */,
				E40EDDD92257EC630046BCA5 /* UthmanicHafs1B Ver12.otf */,
				2D9BE2201CEC07EB004B97F1 /* quran-uthmani.xml */,
				E40EDDDB2257EF3C0046BCA5 /* quran-simple.xml */,
				E40EDDDD2257EF770046BCA5 /* quran-simple-enhanced.xml */,
				2D159D0A1CEBBBDB00D088BA /* Assets.xcassets */,
				2D159D0C1CEBBBDB00D088BA /* LaunchScreen.storyboard */,
				2D159D0F1CEBBBDB00D088BA /* Info.plist */,
				D7EE44501F6FF9E6007F41CE /* GoogleService-Info.plist */,
			);
			name = "Supporting Files";
			sourceTree = "<group>";
		};
		D74DD9DF1F5E201B00426C29 /* Views */ = {
			isa = PBXGroup;
			children = (
				D74DD9E01F5E203A00426C29 /* SQIntroAboutViewController.swift */,
				D74DD9E21F5E204F00426C29 /* SQIntroExampleViewController.swift */,
				D74DD9E41F5E206400426C29 /* SQIntroFeaturesViewController.swift */,
				D74DD9E61F5E207C00426C29 /* SQFeatureTableViewCell.swift */,
				8E549A341F6040DF00BB2726 /* SQExampleCollectionViewCell.swift */,
			);
			name = Views;
			sourceTree = "<group>";
		};
		D75E5F041F597E7600946472 /* Picking */ = {
			isa = PBXGroup;
			children = (
				D7B85CD71F59C42000EBCBA9 /* Picking.storyboard */,
				D72B8B6D1FC2BBB500671DEF /* SQSectionHeader.xib */,
				2DABE03E1D321CA2004AC755 /* SQPickingManager.swift */,
				D75E5F0F1F5981C000946472 /* Views */,
				D7B85CD91F59E50000EBCBA9 /* Model */,
			);
			name = Picking;
			sourceTree = "<group>";
		};
		D75E5F051F597E8200946472 /* Networking + Store */ = {
			isa = PBXGroup;
			children = (
				2D8254CF1E3B11FA00C23743 /* SQStoreViewController.swift */,
				D74B979F1F97F4FD00298CA3 /* SQDownloadItem.swift */,
				D7FCE8BA1F95ED7400E5B187 /* SQSurahDownload.swift */,
				D733F3171FB733FD00B05A1F /* SQDownloadInfo.swift */,
				D7AE118B1FB6B52100DB98B2 /* SQDownloadManager.swift */,
				D7C2BF151FC0348900AA7EFC /* SQDownloadManagerDelegate.swift */,
				D7063BFE1F99CFFB004B5880 /* SQDownloadConstants.swift */,
				E4ABDDF92024955F00D8CA69 /* SQDownloadUserDefaults.swift */,
			);
			name = "Networking + Store";
			sourceTree = "<group>";
		};
		D75E5F071F597E9100946472 /* CorePlayer */ = {
			isa = PBXGroup;
			children = (
				D7B85CD31F59BCDB00EBCBA9 /* SQSoundItem.swift */,
				2DA652971CF3316800EEB4D5 /* SQSoundManager.swift */,
			);
			name = CorePlayer;
			sourceTree = "<group>";
		};
		D75E5F0A1F597EB300946472 /* Theme */ = {
			isa = PBXGroup;
			children = (
				D7F031841F5B38B3008A1A8C /* Tooltip */,
				2D58624E1CEDB7AC00156A18 /* Extensions.swift */,
				2D8C52401D3DAA8900102A82 /* SQMoreOptionTableViewCell.swift */,
				2D81BCD71E3757F100FB1587 /* SQLinearProgressView.swift */,
				2D49F7F31CECE80E008827C0 /* Palette.swift */,
			);
			name = Theme;
			sourceTree = "<group>";
		};
		D75E5F0B1F597EBC00946472 /* Preferences */ = {
			isa = PBXGroup;
			children = (
				D75E5F111F598DE900946472 /* Views */,
				2D0D8E501D447B9D00747E4B /* SQSettingsController.swift */,
			);
			name = Preferences;
			sourceTree = "<group>";
		};
		D75E5F0C1F5980E500946472 /* Views */ = {
			isa = PBXGroup;
			children = (
				D7F031851F5B4192008A1A8C /* Cells */,
				2D32FC1B1D2329C3003037A3 /* SQSurahsViewController.swift */,
				2DCD82C91E3E3ACC00B9E993 /* SQFavoritedRangesViewController.swift */,
				2D9BE22F1CEC3EEB004B97F1 /* SQAyatViewController.swift */,
				2DB051CB1CF0759B00D2867F /* SQAyahPlayerViewController.swift */,
				2D6918A01E3392B700F46996 /* SQMiniPlayerViewController.swift */,
				D7F031861F5B41A9008A1A8C /* Controls */,
				2D6EA6441E3F983E004A9339 /* Twinkle */,
				2D6210A21D3618F9003622DE /* Transitions */,
			);
			name = Views;
			sourceTree = "<group>";
		};
		D75E5F0D1F5980F100946472 /* Charts */ = {
			isa = PBXGroup;
			children = (
				D7842DB51F5C1EDA00C17528 /* Charts.storyboard */,
				D75E5F101F5981F200946472 /* Views */,
				D75E5F0E1F59818E00946472 /* Model */,
			);
			name = Charts;
			sourceTree = "<group>";
		};
		D75E5F0E1F59818E00946472 /* Model */ = {
			isa = PBXGroup;
			children = (
				2DBCCA041CF2E1DF008D182A /* SQProgressItem.swift */,
				D7F0317E1F5B34F0008A1A8C /* SQProgressContainer.swift */,
				D7F031801F5B354E008A1A8C /* SQProgressItemsManager.swift */,
				D7F031821F5B3715008A1A8C /* SQProgressConstants.swift */,
			);
			name = Model;
			sourceTree = "<group>";
		};
		D75E5F0F1F5981C000946472 /* Views */ = {
			isa = PBXGroup;
			children = (
				2D6194961D2FC9C20080BFA8 /* SQPickerViewController.swift */,
				2D581CA51D29AE51001D7B91 /* SQSurahPickerViewController.swift */,
				2D581CA81D29AE64001D7B91 /* SQAyahPickerViewController.swift */,
				2DABE0401D3224A7004AC755 /* SQCompletionViewController.swift */,
				D7750EF21F5BC3EC0019FA15 /* Cells */,
			);
			name = Views;
			sourceTree = "<group>";
		};
		D75E5F101F5981F200946472 /* Views */ = {
			isa = PBXGroup;
			children = (
				2D8B89D01D3ED42000F1286F /* UPCarouselFlowLayout.swift */,
				2D19F2BA1CF29F60003E616D /* SQChartsViewController.swift */,
				2D2215561E39B8790081B506 /* SQChartDetailsViewController.swift */,
				2DC5C4F71CF2A6B500B3BAA9 /* SQProgressItemCollectionViewCell.swift */,
				2D2215581E39BC2E0081B506 /* SQChartyFRTableViewCells.swift */,
			);
			name = Views;
			sourceTree = "<group>";
		};
		D75E5F111F598DE900946472 /* Views */ = {
			isa = PBXGroup;
			children = (
				2D0D8E521D447F2200747E4B /* SQSettingsViewController.swift */,
				2DADAE621CFB1A3A008CA9CF /* SQAboutViewController.swift */,
				2D87C1DE1E4206C900C19393 /* SQDeleteButton.swift */,
				2D0D8E5A1D4489E100747E4B /* SQRegularHeaderView.xib */,
				2D0D8E581D4489C700747E4B /* SQRegularHeaderView.swift */,
			);
			name = Views;
			sourceTree = "<group>";
		};
		D7750EF21F5BC3EC0019FA15 /* Cells */ = {
			isa = PBXGroup;
			children = (
				2D6194941D2FC8BB0080BFA8 /* SQSurahTableViewCell.swift */,
				E4BE2488202364E8003E9C64 /* SQSurahDownloadTableViewCell.swift */,
				D7750EF31F5BC4470019FA15 /* SQAyahPickerTableViewCell.swift */,
				D72B8B6F1FC2BBF600671DEF /* SQLabelSectionHeader.swift */,
			);
			name = Cells;
			sourceTree = "<group>";
		};
		D7842DB21F5C1B4600C17528 /* OnBoarding */ = {
			isa = PBXGroup;
			children = (
				D7842DB31F5C1B5700C17528 /* OnBoarding.storyboard */,
				8E1453A41F5FC81100921C58 /* Features.xcassets */,
				D74DD9E81F5E20E800426C29 /* SQAppFeature.swift */,
				D74DD9DF1F5E201B00426C29 /* Views */,
			);
			name = OnBoarding;
			sourceTree = "<group>";
		};
		D7B85CCD1F59B32400EBCBA9 /* CoreBasic */ = {
			isa = PBXGroup;
			children = (
				D7B85CD21F59B73300EBCBA9 /* XML Parser */,
				2DB051C41CF055DD00D2867F /* SQDictionaryConvertable.swift */,
				2D9BE2291CEC3820004B97F1 /* SQSurah.swift */,
				2D9BE22B1CEC3828004B97F1 /* SQAyah.swift */,
				D7B85CCE1F59B4C000EBCBA9 /* SQQuranReader.swift */,
				D7B85CD01F59B64700EBCBA9 /* CoreBasicConstants.swift */,
				E4BE248A20236AE5003E9C64 /* CoreBasicCommons.swift */,
			);
			name = CoreBasic;
			sourceTree = "<group>";
		};
		D7B85CD21F59B73300EBCBA9 /* XML Parser */ = {
			isa = PBXGroup;
			children = (
				2D9BE21D1CEC0750004B97F1 /* XMLDictionary.h */,
				2D9BE21E1CEC0750004B97F1 /* XMLDictionary.m */,
			);
			name = "XML Parser";
			sourceTree = "<group>";
		};
		D7B85CD51F59C13900EBCBA9 /* Memorizing Quran */ = {
			isa = PBXGroup;
			children = (
				2D159D071CEBBBDB00D088BA /* Quran_App.xcdatamodeld */,
				D7842DB71F5C209A00C17528 /* Player.storyboard */,
				2D49F7F01CEC9410008827C0 /* SQArrayTransformer.swift */,
				2D9BE22D1CEC3849004B97F1 /* SQSurahInfo.swift */,
				2D3D48391CFCB41A00D12A7D /* SQFavoriteRange.swift */,
				2D9BE2221CEC33B1004B97F1 /* SQQuranStateManager.swift */,
				D720679B1F5AC31B00335C13 /* SQQuranStatbleConstants.swift */,
				2D21C7281E3918C200B17BFF /* SwiftyTimer.swift */,
				D75E5F0C1F5980E500946472 /* Views */,
			);
			name = "Memorizing Quran";
			sourceTree = "<group>";
		};
		D7B85CD91F59E50000EBCBA9 /* Model */ = {
			isa = PBXGroup;
			children = (
				D7B85CDA1F59E52600EBCBA9 /* PickingConstants.swift */,
				D7B85CDC1F59E68500EBCBA9 /* SQPickingResult.swift */,
			);
			name = Model;
			sourceTree = "<group>";
		};
		D7F031841F5B38B3008A1A8C /* Tooltip */ = {
			isa = PBXGroup;
			children = (
				2DA914A51E4B860300BC44AE /* SexyTooltip.h */,
				2DA914A61E4B860300BC44AE /* SexyTooltip.m */,
			);
			name = Tooltip;
			sourceTree = "<group>";
		};
		D7F031851F5B4192008A1A8C /* Cells */ = {
			isa = PBXGroup;
			children = (
				2D32FC1D1D232D6E003037A3 /* SQSurahCollectionViewCell.swift */,
				2DEFADCF1E3E594F006416BA /* SQFavoritedRangeCollectionViewCell.swift */,
				2D9BE2321CEC40B3004B97F1 /* SQAyaRepTableViewCell.swift */,
				D76C330B1F5D1F2000E60A5B /* SQLabelCollectionReusableView.swift */,
			);
			name = Cells;
			sourceTree = "<group>";
		};
		D7F031861F5B41A9008A1A8C /* Controls */ = {
			isa = PBXGroup;
			children = (
				2DE8600B1D40A2310024E9F8 /* SQPlayButton.swift */,
			);
			name = Controls;
			sourceTree = "<group>";
		};
		E428083322692A870076DB3C /* Lab */ = {
			isa = PBXGroup;
			children = (
				E428083422692A9B0076DB3C /* SQAyatPageViewController.swift */,
				E428083622692F9B0076DB3C /* SQFittableLabel.swift */,
			);
			name = Lab;
			sourceTree = "<group>";
		};
		F0046A1ABD046B044307D69C /* Frameworks */ = {
			isa = PBXGroup;
			children = (
				2D3D48361CFCAB6500D12A7D /* MediaPlayer.framework */,
				3C9109D3CF9159F848C8B8FB /* Pods.framework */,
				9C7EA9347FC8F77242606163 /* Pods_Quran_App.framework */,
			);
			name = Frameworks;
			sourceTree = "<group>";
		};
/* End PBXGroup section */

/* Begin PBXNativeTarget section */
		2D159CFC1CEBBBDA00D088BA /* Quran App */ = {
			isa = PBXNativeTarget;
			buildConfigurationList = 2D159D121CEBBBDB00D088BA /* Build configuration list for PBXNativeTarget "Quran App" */;
			buildPhases = (
				BE94C30646D0FBFA59FC38D2 /* [CP] Check Pods Manifest.lock */,
				2D159CF91CEBBBDA00D088BA /* Sources */,
				2D159CFA1CEBBBDA00D088BA /* Frameworks */,
				2D159CFB1CEBBBDA00D088BA /* Resources */,
				8CD4661B6A7F26F6EC87E5FE /* [CP] Embed Pods Frameworks */,
				2D0E7FAE1E2E552A0051ADDF /* Embed Frameworks */,
			);
			buildRules = (
			);
			dependencies = (
			);
			name = "Quran App";
			productName = "Quran App";
			productReference = 2D159CFD1CEBBBDA00D088BA /* Quran App.app */;
			productType = "com.apple.product-type.application";
		};
/* End PBXNativeTarget section */

/* Begin PBXProject section */
		2D159CF51CEBBBDA00D088BA /* Project object */ = {
			isa = PBXProject;
			attributes = {
				CLASSPREFIX = SQ;
				LastSwiftUpdateCheck = 0730;
				LastUpgradeCheck = 1000;
				ORGANIZATIONNAME = "Sketch Studio";
				TargetAttributes = {
					2D159CFC1CEBBBDA00D088BA = {
						CreatedOnToolsVersion = 7.3;
						DevelopmentTeam = 6VU6999229;
						LastSwiftMigration = 0900;
					};
				};
			};
			buildConfigurationList = 2D159CF81CEBBBDA00D088BA /* Build configuration list for PBXProject "Quran App" */;
			compatibilityVersion = "Xcode 3.2";
			developmentRegion = English;
			hasScannedForEncodings = 0;
			knownRegions = (
				English,
				en,
				Base,
			);
			mainGroup = 2D159CF41CEBBBDA00D088BA;
			productRefGroup = 2D159CFE1CEBBBDA00D088BA /* Products */;
			projectDirPath = "";
			projectRoot = "";
			targets = (
				2D159CFC1CEBBBDA00D088BA /* Quran App */,
			);
		};
/* End PBXProject section */

/* Begin PBXResourcesBuildPhase section */
		2D159CFB1CEBBBDA00D088BA /* Resources */ = {
			isa = PBXResourcesBuildPhase;
			buildActionMask = 2147483647;
			files = (
				D7B85CD81F59C42000EBCBA9 /* Picking.storyboard in Resources */,
				2D6EA6421E3F9836004A9339 /* TwinkleImage.png in Resources */,
				2D4CAF261CED981E00D1066A /* me_quran.ttf in Resources */,
				E40EDDD82257EA8D0046BCA5 /* UthmanicHafs1 Ver12.otf in Resources */,
				D72B8B6E1FC2BBB500671DEF /* SQSectionHeader.xib in Resources */,
				2D159D0E1CEBBBDB00D088BA /* LaunchScreen.storyboard in Resources */,
				8E1453A51F5FC81100921C58 /* Features.xcassets in Resources */,
				2D159D0B1CEBBBDB00D088BA /* Assets.xcassets in Resources */,
				2D159D061CEBBBDB00D088BA /* Main.storyboard in Resources */,
				D7842DB61F5C1EDA00C17528 /* Charts.storyboard in Resources */,
				D7842DB41F5C1B5700C17528 /* OnBoarding.storyboard in Resources */,
				2D9BE2211CEC07EB004B97F1 /* quran-uthmani.xml in Resources */,
				2D0D8E5B1D4489E100747E4B /* SQRegularHeaderView.xib in Resources */,
				E40EDDDA2257EC660046BCA5 /* UthmanicHafs1B Ver12.otf in Resources */,
				E40EDDDC2257EF3C0046BCA5 /* quran-simple.xml in Resources */,
				E40EDDDE2257EF780046BCA5 /* quran-simple-enhanced.xml in Resources */,
				D7EE44511F6FF9E6007F41CE /* GoogleService-Info.plist in Resources */,
				D7842DB81F5C209A00C17528 /* Player.storyboard in Resources */,
			);
			runOnlyForDeploymentPostprocessing = 0;
		};
/* End PBXResourcesBuildPhase section */

/* Begin PBXShellScriptBuildPhase section */
		8CD4661B6A7F26F6EC87E5FE /* [CP] Embed Pods Frameworks */ = {
			isa = PBXShellScriptBuildPhase;
			buildActionMask = 2147483647;
			files = (
			);
			inputPaths = (
				"${PODS_ROOT}/Target Support Files/Pods-Quran App/Pods-Quran App-frameworks.sh",
				"${BUILT_PRODUCTS_DIR}/Alamofire/Alamofire.framework",
				"${BUILT_PRODUCTS_DIR}/BEMCheckBox/BEMCheckBox.framework",
				"${BUILT_PRODUCTS_DIR}/Bohr/Bohr.framework",
				"${BUILT_PRODUCTS_DIR}/CFAlertViewController/CFAlertViewController.framework",
				"${BUILT_PRODUCTS_DIR}/DOFavoriteButton/DOFavoriteButton.framework",
				"${BUILT_PRODUCTS_DIR}/DZNEmptyDataSet/DZNEmptyDataSet.framework",
				"${BUILT_PRODUCTS_DIR}/DynamicButton/DynamicButton.framework",
				"${BUILT_PRODUCTS_DIR}/DynamicColor/DynamicColor.framework",
				"${BUILT_PRODUCTS_DIR}/GDLoadingIndicator/GDLoadingIndicator.framework",
				"${BUILT_PRODUCTS_DIR}/Hero/Hero.framework",
				"${BUILT_PRODUCTS_DIR}/LNPopupController/LNPopupController.framework",
				"${BUILT_PRODUCTS_DIR}/LUNTabBarController/LUNTabBarController.framework",
				"${BUILT_PRODUCTS_DIR}/TOScrollBar/TOScrollBar.framework",
				"${BUILT_PRODUCTS_DIR}/Whisper/Whisper.framework",
				"${BUILT_PRODUCTS_DIR}/YYText/YYText.framework",
				"${BUILT_PRODUCTS_DIR}/pop/pop.framework",
			);
			name = "[CP] Embed Pods Frameworks";
			outputPaths = (
				"${TARGET_BUILD_DIR}/${FRAMEWORKS_FOLDER_PATH}/Alamofire.framework",
				"${TARGET_BUILD_DIR}/${FRAMEWORKS_FOLDER_PATH}/BEMCheckBox.framework",
				"${TARGET_BUILD_DIR}/${FRAMEWORKS_FOLDER_PATH}/Bohr.framework",
				"${TARGET_BUILD_DIR}/${FRAMEWORKS_FOLDER_PATH}/CFAlertViewController.framework",
				"${TARGET_BUILD_DIR}/${FRAMEWORKS_FOLDER_PATH}/DOFavoriteButton.framework",
				"${TARGET_BUILD_DIR}/${FRAMEWORKS_FOLDER_PATH}/DZNEmptyDataSet.framework",
				"${TARGET_BUILD_DIR}/${FRAMEWORKS_FOLDER_PATH}/DynamicButton.framework",
				"${TARGET_BUILD_DIR}/${FRAMEWORKS_FOLDER_PATH}/DynamicColor.framework",
				"${TARGET_BUILD_DIR}/${FRAMEWORKS_FOLDER_PATH}/GDLoadingIndicator.framework",
				"${TARGET_BUILD_DIR}/${FRAMEWORKS_FOLDER_PATH}/Hero.framework",
				"${TARGET_BUILD_DIR}/${FRAMEWORKS_FOLDER_PATH}/LNPopupController.framework",
				"${TARGET_BUILD_DIR}/${FRAMEWORKS_FOLDER_PATH}/LUNTabBarController.framework",
				"${TARGET_BUILD_DIR}/${FRAMEWORKS_FOLDER_PATH}/TOScrollBar.framework",
				"${TARGET_BUILD_DIR}/${FRAMEWORKS_FOLDER_PATH}/Whisper.framework",
				"${TARGET_BUILD_DIR}/${FRAMEWORKS_FOLDER_PATH}/YYText.framework",
				"${TARGET_BUILD_DIR}/${FRAMEWORKS_FOLDER_PATH}/pop.framework",
			);
			runOnlyForDeploymentPostprocessing = 0;
			shellPath = /bin/sh;
			shellScript = "\"${PODS_ROOT}/Target Support Files/Pods-Quran App/Pods-Quran App-frameworks.sh\"\n";
			showEnvVarsInLog = 0;
		};
		BE94C30646D0FBFA59FC38D2 /* [CP] Check Pods Manifest.lock */ = {
			isa = PBXShellScriptBuildPhase;
			buildActionMask = 2147483647;
			files = (
			);
			inputPaths = (
				"${PODS_PODFILE_DIR_PATH}/Podfile.lock",
				"${PODS_ROOT}/Manifest.lock",
			);
			name = "[CP] Check Pods Manifest.lock";
			outputPaths = (
				"$(DERIVED_FILE_DIR)/Pods-Quran App-checkManifestLockResult.txt",
			);
			runOnlyForDeploymentPostprocessing = 0;
			shellPath = /bin/sh;
			shellScript = "diff \"${PODS_PODFILE_DIR_PATH}/Podfile.lock\" \"${PODS_ROOT}/Manifest.lock\" > /dev/null\nif [ $? != 0 ] ; then\n    # print error to STDERR\n    echo \"error: The sandbox is not in sync with the Podfile.lock. Run 'pod install' or update your CocoaPods installation.\" >&2\n    exit 1\nfi\n# This output is used by Xcode 'outputs' to avoid re-running this script phase.\necho \"SUCCESS\" > \"${SCRIPT_OUTPUT_FILE_0}\"\n";
			showEnvVarsInLog = 0;
		};
/* End PBXShellScriptBuildPhase section */

/* Begin PBXSourcesBuildPhase section */
		2D159CF91CEBBBDA00D088BA /* Sources */ = {
			isa = PBXSourcesBuildPhase;
			buildActionMask = 2147483647;
			files = (
				D7C2BF5B1FC036A600AA7EFC /* SQViewController.swift in Sources */,
				2D159D091CEBBBDB00D088BA /* Quran_App.xcdatamodeld in Sources */,
				8E549A351F6040DF00BB2726 /* SQExampleCollectionViewCell.swift in Sources */,
				2DA652981CF3316800EEB4D5 /* SQSoundManager.swift in Sources */,
				2D6EA6431E3F9836004A9339 /* Twinkle.swift in Sources */,
				2DABE0411D3224A7004AC755 /* SQCompletionViewController.swift in Sources */,
				D7B85CDD1F59E68500EBCBA9 /* SQPickingResult.swift in Sources */,
				2DA7DB8B1D3673F100C280DD /* SKFadeTransition.swift in Sources */,
				2D8C52411D3DAA8900102A82 /* SQMoreOptionTableViewCell.swift in Sources */,
				2D49F7F41CECE80E008827C0 /* Palette.swift in Sources */,
				D74B97A01F97F4FD00298CA3 /* SQDownloadItem.swift in Sources */,
				D7FCE8BB1F95ED7400E5B187 /* SQSurahDownload.swift in Sources */,
				2DC5C4F81CF2A6B500B3BAA9 /* SQProgressItemCollectionViewCell.swift in Sources */,
				E428083722692F9B0076DB3C /* SQFittableLabel.swift in Sources */,
				2DE8600C1D40A2310024E9F8 /* SQPlayButton.swift in Sources */,
				D74DD9E11F5E203A00426C29 /* SQIntroAboutViewController.swift in Sources */,
				D7750EF41F5BC4470019FA15 /* SQAyahPickerTableViewCell.swift in Sources */,
				2DADAE631CFB1A3A008CA9CF /* SQAboutViewController.swift in Sources */,
				2D19F2BB1CF29F60003E616D /* SQChartsViewController.swift in Sources */,
				2D9BE22C1CEC3828004B97F1 /* SQAyah.swift in Sources */,
				2D0D8E531D447F2200747E4B /* SQSettingsViewController.swift in Sources */,
				D74DD9E51F5E206400426C29 /* SQIntroFeaturesViewController.swift in Sources */,
				E4BE2489202364E8003E9C64 /* SQSurahDownloadTableViewCell.swift in Sources */,
				2D79FBC61CF2144500DD93B7 /* Constants.swift in Sources */,
				D7063BFF1F99CFFB004B5880 /* SQDownloadConstants.swift in Sources */,
				D76C330C1F5D1F2000E60A5B /* SQLabelCollectionReusableView.swift in Sources */,
				2DEFADD01E3E594F006416BA /* SQFavoritedRangeCollectionViewCell.swift in Sources */,
				E4ABDDFA2024955F00D8CA69 /* SQDownloadUserDefaults.swift in Sources */,
				2D6194951D2FC8BB0080BFA8 /* SQSurahTableViewCell.swift in Sources */,
				2D6194971D2FC9C20080BFA8 /* SQPickerViewController.swift in Sources */,
				2D9BE21F1CEC0750004B97F1 /* XMLDictionary.m in Sources */,
				2D49F7F11CEC9410008827C0 /* SQArrayTransformer.swift in Sources */,
				2D6918A11E3392B700F46996 /* SQMiniPlayerViewController.swift in Sources */,
				D74DD9E31F5E204F00426C29 /* SQIntroExampleViewController.swift in Sources */,
				D7F031811F5B354E008A1A8C /* SQProgressItemsManager.swift in Sources */,
				D7B85CCF1F59B4C000EBCBA9 /* SQQuranReader.swift in Sources */,
				2D0D8E591D4489C700747E4B /* SQRegularHeaderView.swift in Sources */,
				D7C2BF5D1FC036EA00AA7EFC /* Strings.swift in Sources */,
				D733F3181FB733FD00B05A1F /* SQDownloadInfo.swift in Sources */,
				2D7884691E3B940300837F3B /* SlideInPresentationManager.swift in Sources */,
				2D81BCD81E3757F100FB1587 /* SQLinearProgressView.swift in Sources */,
				D74DD9E91F5E20E800426C29 /* SQAppFeature.swift in Sources */,
				2D0D8E511D447B9D00747E4B /* SQSettingsController.swift in Sources */,
				2D21C7291E3918C200B17BFF /* SwiftyTimer.swift in Sources */,
				2DBCCA051CF2E1DF008D182A /* SQProgressItem.swift in Sources */,
				2D32FC1C1D2329C3003037A3 /* SQSurahsViewController.swift in Sources */,
				2DCD82CA1E3E3ACC00B9E993 /* SQFavoritedRangesViewController.swift in Sources */,
				2D3D483B1CFCB41A00D12A7D /* SQFavoriteRange.swift in Sources */,
				2D9BE2331CEC40B3004B97F1 /* SQAyaRepTableViewCell.swift in Sources */,
				2D159D011CEBBBDB00D088BA /* SQAppDelegate.swift in Sources */,
				2D2215571E39B8790081B506 /* SQChartDetailsViewController.swift in Sources */,
				2D581CA91D29AE64001D7B91 /* SQAyahPickerViewController.swift in Sources */,
				D7B85CDB1F59E52600EBCBA9 /* PickingConstants.swift in Sources */,
				2D8254D01E3B11FA00C23743 /* SQStoreViewController.swift in Sources */,
				2D87C1DF1E4206C900C19393 /* SQDeleteButton.swift in Sources */,
				2DA7DB8D1D3675D000C280DD /* SQFloatingViewController.swift in Sources */,
				E4BE248B20236AE5003E9C64 /* CoreBasicCommons.swift in Sources */,
				D7B85CD41F59BCDB00EBCBA9 /* SQSoundItem.swift in Sources */,
				2D2215591E39BC2E0081B506 /* SQChartyFRTableViewCells.swift in Sources */,
				2D8B89D11D3ED42000F1286F /* UPCarouselFlowLayout.swift in Sources */,
				2D32FC1E1D232D6E003037A3 /* SQSurahCollectionViewCell.swift in Sources */,
				D74DD9E71F5E207C00426C29 /* SQFeatureTableViewCell.swift in Sources */,
				2DA914A71E4B860300BC44AE /* SexyTooltip.m in Sources */,
				D720679C1F5AC31B00335C13 /* SQQuranStatbleConstants.swift in Sources */,
				2D581CA61D29AE51001D7B91 /* SQSurahPickerViewController.swift in Sources */,
				D7F0317F1F5B34F0008A1A8C /* SQProgressContainer.swift in Sources */,
				2D7884681E3B940300837F3B /* SlideInPresentationController.swift in Sources */,
				2DB051C51CF055DD00D2867F /* SQDictionaryConvertable.swift in Sources */,
				D7AE118C1FB6B52100DB98B2 /* SQDownloadManager.swift in Sources */,
				2DB051CC1CF0759B00D2867F /* SQAyahPlayerViewController.swift in Sources */,
				D7C2BF161FC0348900AA7EFC /* SQDownloadManagerDelegate.swift in Sources */,
				2D9BE2301CEC3EEB004B97F1 /* SQAyatViewController.swift in Sources */,
				2DA7DB891D3667A900C280DD /* SQTabBarController.swift in Sources */,
				2D9BE2231CEC33B1004B97F1 /* SQQuranStateManager.swift in Sources */,
				2D58624F1CEDB7AC00156A18 /* Extensions.swift in Sources */,
				2D9BE22A1CEC3820004B97F1 /* SQSurah.swift in Sources */,
				D7F031831F5B3715008A1A8C /* SQProgressConstants.swift in Sources */,
				2D9BE22E1CEC3849004B97F1 /* SQSurahInfo.swift in Sources */,
				2DABE03F1D321CA2004AC755 /* SQPickingManager.swift in Sources */,
				D7B85CD11F59B64700EBCBA9 /* CoreBasicConstants.swift in Sources */,
				E428083522692A9B0076DB3C /* SQAyatPageViewController.swift in Sources */,
				D72B8B701FC2BBF600671DEF /* SQLabelSectionHeader.swift in Sources */,
			);
			runOnlyForDeploymentPostprocessing = 0;
		};
/* End PBXSourcesBuildPhase section */

/* Begin PBXVariantGroup section */
		2D159D041CEBBBDB00D088BA /* Main.storyboard */ = {
			isa = PBXVariantGroup;
			children = (
				2D159D051CEBBBDB00D088BA /* Base */,
			);
			name = Main.storyboard;
			sourceTree = "<group>";
		};
		2D159D0C1CEBBBDB00D088BA /* LaunchScreen.storyboard */ = {
			isa = PBXVariantGroup;
			children = (
				2D159D0D1CEBBBDB00D088BA /* Base */,
			);
			name = LaunchScreen.storyboard;
			sourceTree = "<group>";
		};
/* End PBXVariantGroup section */

/* Begin XCBuildConfiguration section */
		2D159D101CEBBBDB00D088BA /* Debug */ = {
			isa = XCBuildConfiguration;
			buildSettings = {
				ALWAYS_SEARCH_USER_PATHS = NO;
				CLANG_ANALYZER_NONNULL = YES;
				CLANG_CXX_LANGUAGE_STANDARD = "gnu++0x";
				CLANG_CXX_LIBRARY = "libc++";
				CLANG_ENABLE_MODULES = YES;
				CLANG_ENABLE_OBJC_ARC = YES;
				CLANG_WARN_BLOCK_CAPTURE_AUTORELEASING = YES;
				CLANG_WARN_BOOL_CONVERSION = YES;
				CLANG_WARN_COMMA = YES;
				CLANG_WARN_CONSTANT_CONVERSION = YES;
				CLANG_WARN_DEPRECATED_OBJC_IMPLEMENTATIONS = YES;
				CLANG_WARN_DIRECT_OBJC_ISA_USAGE = YES_ERROR;
				CLANG_WARN_EMPTY_BODY = YES;
				CLANG_WARN_ENUM_CONVERSION = YES;
				CLANG_WARN_INFINITE_RECURSION = YES;
				CLANG_WARN_INT_CONVERSION = YES;
				CLANG_WARN_NON_LITERAL_NULL_CONVERSION = YES;
				CLANG_WARN_OBJC_IMPLICIT_RETAIN_SELF = YES;
				CLANG_WARN_OBJC_LITERAL_CONVERSION = YES;
				CLANG_WARN_OBJC_ROOT_CLASS = YES_ERROR;
				CLANG_WARN_RANGE_LOOP_ANALYSIS = YES;
				CLANG_WARN_STRICT_PROTOTYPES = YES;
				CLANG_WARN_SUSPICIOUS_MOVE = YES;
				CLANG_WARN_UNREACHABLE_CODE = YES;
				CLANG_WARN__DUPLICATE_METHOD_MATCH = YES;
				"CODE_SIGN_IDENTITY[sdk=iphoneos*]" = "iPhone Developer";
				COPY_PHASE_STRIP = NO;
				DEBUG_INFORMATION_FORMAT = dwarf;
				ENABLE_STRICT_OBJC_MSGSEND = YES;
				ENABLE_TESTABILITY = YES;
				GCC_C_LANGUAGE_STANDARD = gnu99;
				GCC_DYNAMIC_NO_PIC = NO;
				GCC_NO_COMMON_BLOCKS = YES;
				GCC_OPTIMIZATION_LEVEL = 0;
				GCC_PREPROCESSOR_DEFINITIONS = (
					"DEBUG=1",
					"$(inherited)",
				);
				GCC_WARN_64_TO_32_BIT_CONVERSION = YES;
				GCC_WARN_ABOUT_RETURN_TYPE = YES_ERROR;
				GCC_WARN_UNDECLARED_SELECTOR = YES;
				GCC_WARN_UNINITIALIZED_AUTOS = YES_AGGRESSIVE;
				GCC_WARN_UNUSED_FUNCTION = YES;
				GCC_WARN_UNUSED_VARIABLE = YES;
				IPHONEOS_DEPLOYMENT_TARGET = 9.3;
				MTL_ENABLE_DEBUG_INFO = YES;
				ONLY_ACTIVE_ARCH = YES;
				SDKROOT = iphoneos;
				SWIFT_OPTIMIZATION_LEVEL = "-Onone";
			};
			name = Debug;
		};
		2D159D111CEBBBDB00D088BA /* Release */ = {
			isa = XCBuildConfiguration;
			buildSettings = {
				ALWAYS_SEARCH_USER_PATHS = NO;
				CLANG_ANALYZER_NONNULL = YES;
				CLANG_CXX_LANGUAGE_STANDARD = "gnu++0x";
				CLANG_CXX_LIBRARY = "libc++";
				CLANG_ENABLE_MODULES = YES;
				CLANG_ENABLE_OBJC_ARC = YES;
				CLANG_WARN_BLOCK_CAPTURE_AUTORELEASING = YES;
				CLANG_WARN_BOOL_CONVERSION = YES;
				CLANG_WARN_COMMA = YES;
				CLANG_WARN_CONSTANT_CONVERSION = YES;
				CLANG_WARN_DEPRECATED_OBJC_IMPLEMENTATIONS = YES;
				CLANG_WARN_DIRECT_OBJC_ISA_USAGE = YES_ERROR;
				CLANG_WARN_EMPTY_BODY = YES;
				CLANG_WARN_ENUM_CONVERSION = YES;
				CLANG_WARN_INFINITE_RECURSION = YES;
				CLANG_WARN_INT_CONVERSION = YES;
				CLANG_WARN_NON_LITERAL_NULL_CONVERSION = YES;
				CLANG_WARN_OBJC_IMPLICIT_RETAIN_SELF = YES;
				CLANG_WARN_OBJC_LITERAL_CONVERSION = YES;
				CLANG_WARN_OBJC_ROOT_CLASS = YES_ERROR;
				CLANG_WARN_RANGE_LOOP_ANALYSIS = YES;
				CLANG_WARN_STRICT_PROTOTYPES = YES;
				CLANG_WARN_SUSPICIOUS_MOVE = YES;
				CLANG_WARN_UNREACHABLE_CODE = YES;
				CLANG_WARN__DUPLICATE_METHOD_MATCH = YES;
				"CODE_SIGN_IDENTITY[sdk=iphoneos*]" = "iPhone Developer";
				COPY_PHASE_STRIP = NO;
				DEBUG_INFORMATION_FORMAT = "dwarf-with-dsym";
				ENABLE_NS_ASSERTIONS = NO;
				ENABLE_STRICT_OBJC_MSGSEND = YES;
				GCC_C_LANGUAGE_STANDARD = gnu99;
				GCC_NO_COMMON_BLOCKS = YES;
				GCC_WARN_64_TO_32_BIT_CONVERSION = YES;
				GCC_WARN_ABOUT_RETURN_TYPE = YES_ERROR;
				GCC_WARN_UNDECLARED_SELECTOR = YES;
				GCC_WARN_UNINITIALIZED_AUTOS = YES_AGGRESSIVE;
				GCC_WARN_UNUSED_FUNCTION = YES;
				GCC_WARN_UNUSED_VARIABLE = YES;
				IPHONEOS_DEPLOYMENT_TARGET = 9.3;
				MTL_ENABLE_DEBUG_INFO = NO;
				SDKROOT = iphoneos;
				SWIFT_OPTIMIZATION_LEVEL = "-Owholemodule";
				VALIDATE_PRODUCT = YES;
			};
			name = Release;
		};
		2D159D131CEBBBDB00D088BA /* Debug */ = {
			isa = XCBuildConfiguration;
			baseConfigurationReference = 63A780DCE22081F5B53A7ABE /* Pods-Quran App.debug.xcconfig */;
			buildSettings = {
				ASSETCATALOG_COMPILER_APPICON_NAME = AppIcon;
				CLANG_ENABLE_MODULES = YES;
				CODE_SIGN_IDENTITY = "iPhone Developer";
				DEVELOPMENT_TEAM = 6VU6999229;
				FRAMEWORK_SEARCH_PATHS = (
					"$(inherited)",
					"$(PROJECT_DIR)/Carthage/Build/iOS",
				);
				INFOPLIST_FILE = "Quran App/Info.plist";
				IPHONEOS_DEPLOYMENT_TARGET = 9.0;
				LD_RUNPATH_SEARCH_PATHS = "$(inherited) @executable_path/Frameworks";
				PRODUCT_BUNDLE_IDENTIFIER = me.sketch.qurani;
				PRODUCT_NAME = "$(TARGET_NAME)";
				SWIFT_OBJC_BRIDGING_HEADER = "Quran App/Quran App-Bridging-Header.h";
				SWIFT_OPTIMIZATION_LEVEL = "-Onone";
<<<<<<< HEAD
				SWIFT_VERSION = 5.0;
=======
				SWIFT_VERSION = 4.2;
>>>>>>> 049312e98cf36689ad0b0d11a4aabb0b7b8afec1
				TARGETED_DEVICE_FAMILY = "1,2";
			};
			name = Debug;
		};
		2D159D141CEBBBDB00D088BA /* Release */ = {
			isa = XCBuildConfiguration;
			baseConfigurationReference = B1D5C15D6248516F32D07AB9 /* Pods-Quran App.release.xcconfig */;
			buildSettings = {
				ASSETCATALOG_COMPILER_APPICON_NAME = AppIcon;
				CLANG_ENABLE_MODULES = YES;
				CODE_SIGN_IDENTITY = "iPhone Developer";
				DEVELOPMENT_TEAM = 6VU6999229;
				FRAMEWORK_SEARCH_PATHS = (
					"$(inherited)",
					"$(PROJECT_DIR)/Carthage/Build/iOS",
				);
				INFOPLIST_FILE = "Quran App/Info.plist";
				IPHONEOS_DEPLOYMENT_TARGET = 9.0;
				LD_RUNPATH_SEARCH_PATHS = "$(inherited) @executable_path/Frameworks";
				PRODUCT_BUNDLE_IDENTIFIER = me.sketch.qurani;
				PRODUCT_NAME = "$(TARGET_NAME)";
				SWIFT_OBJC_BRIDGING_HEADER = "Quran App/Quran App-Bridging-Header.h";
<<<<<<< HEAD
				SWIFT_VERSION = 5.0;
=======
				SWIFT_VERSION = 4.2;
>>>>>>> 049312e98cf36689ad0b0d11a4aabb0b7b8afec1
				TARGETED_DEVICE_FAMILY = "1,2";
			};
			name = Release;
		};
/* End XCBuildConfiguration section */

/* Begin XCConfigurationList section */
		2D159CF81CEBBBDA00D088BA /* Build configuration list for PBXProject "Quran App" */ = {
			isa = XCConfigurationList;
			buildConfigurations = (
				2D159D101CEBBBDB00D088BA /* Debug */,
				2D159D111CEBBBDB00D088BA /* Release */,
			);
			defaultConfigurationIsVisible = 0;
			defaultConfigurationName = Release;
		};
		2D159D121CEBBBDB00D088BA /* Build configuration list for PBXNativeTarget "Quran App" */ = {
			isa = XCConfigurationList;
			buildConfigurations = (
				2D159D131CEBBBDB00D088BA /* Debug */,
				2D159D141CEBBBDB00D088BA /* Release */,
			);
			defaultConfigurationIsVisible = 0;
			defaultConfigurationName = Release;
		};
/* End XCConfigurationList section */

/* Begin XCVersionGroup section */
		2D159D071CEBBBDB00D088BA /* Quran_App.xcdatamodeld */ = {
			isa = XCVersionGroup;
			children = (
				2D159D081CEBBBDB00D088BA /* Quran_App.xcdatamodel */,
			);
			currentVersion = 2D159D081CEBBBDB00D088BA /* Quran_App.xcdatamodel */;
			path = Quran_App.xcdatamodeld;
			sourceTree = "<group>";
			versionGroupType = wrapper.xcdatamodel;
		};
/* End XCVersionGroup section */
	};
	rootObject = 2D159CF51CEBBBDA00D088BA /* Project object */;
}
